
Microsoft Visual Studio Solution File, Format Version 11.00
# Visual Studio 2010
Project("{FAE04EC0-301F-11D3-BF4B-00C04F79EFBC}") = "Assembly-CSharp", "Assembly-CSharp.csproj", "{55c93686-b434-264f-2b95-4e3ac8413d6c}"
EndProject
Project("{FAE04EC0-301F-11D3-BF4B-00C04F79EFBC}") = "Sirenix.OdinInspector.CompatibilityLayer", "Sirenix.OdinInspector.CompatibilityLayer.csproj", "{16e336eb-73af-5ac7-b218-882727305628}"
EndProject
Project("{FAE04EC0-301F-11D3-BF4B-00C04F79EFBC}") = "Assembly-CSharp-firstpass", "Assembly-CSharp-firstpass.csproj", "{f873c0b1-807c-7334-8ac7-f11a76b62ed9}"
EndProject
Project("{FAE04EC0-301F-11D3-BF4B-00C04F79EFBC}") = "Sirenix.OdinInspector.CompatibilityLayer.Editor", "Sirenix.OdinInspector.CompatibilityLayer.Editor.csproj", "{0976aac9-4039-2faf-c352-73405363be45}"
EndProject
Project("{FAE04EC0-301F-11D3-BF4B-00C04F79EFBC}") = "Assembly-CSharp-Editor", "Assembly-CSharp-Editor.csproj", "{e402fdf1-12a6-9f55-df6d-4cd491bc326a}"
EndProject
Project("{FAE04EC0-301F-11D3-BF4B-00C04F79EFBC}") = "Sirenix.OdinInspector.Modules.UnityMathematics", "Sirenix.OdinInspector.Modules.UnityMathematics.csproj", "{93d7ba9e-66db-3a77-d695-5b4759275b34}"
EndProject
Global
	GlobalSection(SolutionConfigurationPlatforms) = preSolution
		Debug|Any CPU = Debug|Any CPU
		Release|Any CPU = Release|Any CPU
	EndGlobalSection
	GlobalSection(ProjectConfigurationPlatforms) = postSolution
		{55c93686-b434-264f-2b95-4e3ac8413d6c}.Debug|Any CPU.ActiveCfg = Debug|Any CPU
		{55c93686-b434-264f-2b95-4e3ac8413d6c}.Debug|Any CPU.Build.0 = Debug|Any CPU
		{55c93686-b434-264f-2b95-4e3ac8413d6c}.Release|Any CPU.ActiveCfg = Release|Any CPU
		{55c93686-b434-264f-2b95-4e3ac8413d6c}.Release|Any CPU.Build.0 = Release|Any CPU
		{16e336eb-73af-5ac7-b218-882727305628}.Debug|Any CPU.ActiveCfg = Debug|Any CPU
		{16e336eb-73af-5ac7-b218-882727305628}.Debug|Any CPU.Build.0 = Debug|Any CPU
		{16e336eb-73af-5ac7-b218-882727305628}.Release|Any CPU.ActiveCfg = Release|Any CPU
		{16e336eb-73af-5ac7-b218-882727305628}.Release|Any CPU.Build.0 = Release|Any CPU
		{f873c0b1-807c-7334-8ac7-f11a76b62ed9}.Debug|Any CPU.ActiveCfg = Debug|Any CPU
		{f873c0b1-807c-7334-8ac7-f11a76b62ed9}.Debug|Any CPU.Build.0 = Debug|Any CPU
		{f873c0b1-807c-7334-8ac7-f11a76b62ed9}.Release|Any CPU.ActiveCfg = Release|Any CPU
		{f873c0b1-807c-7334-8ac7-f11a76b62ed9}.Release|Any CPU.Build.0 = Release|Any CPU
		{0976aac9-4039-2faf-c352-73405363be45}.Debug|Any CPU.ActiveCfg = Debug|Any CPU
		{0976aac9-4039-2faf-c352-73405363be45}.Debug|Any CPU.Build.0 = Debug|Any CPU
		{0976aac9-4039-2faf-c352-73405363be45}.Release|Any CPU.ActiveCfg = Release|Any CPU
		{0976aac9-4039-2faf-c352-73405363be45}.Release|Any CPU.Build.0 = Release|Any CPU
		{e402fdf1-12a6-9f55-df6d-4cd491bc326a}.Debug|Any CPU.ActiveCfg = Debug|Any CPU
		{e402fdf1-12a6-9f55-df6d-4cd491bc326a}.Debug|Any CPU.Build.0 = Debug|Any CPU
		{e402fdf1-12a6-9f55-df6d-4cd491bc326a}.Release|Any CPU.ActiveCfg = Release|Any CPU
		{e402fdf1-12a6-9f55-df6d-4cd491bc326a}.Release|Any CPU.Build.0 = Release|Any CPU
		{93d7ba9e-66db-3a77-d695-5b4759275b34}.Debug|Any CPU.ActiveCfg = Debug|Any CPU
		{93d7ba9e-66db-3a77-d695-5b4759275b34}.Debug|Any CPU.Build.0 = Debug|Any CPU
		{93d7ba9e-66db-3a77-d695-5b4759275b34}.Release|Any CPU.ActiveCfg = Release|Any CPU
		{93d7ba9e-66db-3a77-d695-5b4759275b34}.Release|Any CPU.Build.0 = Release|Any CPU
	EndGlobalSection
	GlobalSection(SolutionProperties) = preSolution
		HideSolutionNode = FALSE
	EndGlobalSection
EndGlobal
